// !$*UTF8*$!
{
	archiveVersion = 1;
	classes = {
	};
	objectVersion = 50;
	objects = {

/* Begin PBXBuildFile section */
		7FAB040C2615504F009B2F68 /* AppDelegate.swift in Sources */ = {isa = PBXBuildFile; fileRef = 7FAB040B2615504F009B2F68 /* AppDelegate.swift */; };
		7FAB040E2615504F009B2F68 /* SceneDelegate.swift in Sources */ = {isa = PBXBuildFile; fileRef = 7FAB040D2615504F009B2F68 /* SceneDelegate.swift */; };
		7FAB04102615504F009B2F68 /* ViewController.swift in Sources */ = {isa = PBXBuildFile; fileRef = 7FAB040F2615504F009B2F68 /* ViewController.swift */; };
		7FAB04132615504F009B2F68 /* Main.storyboard in Resources */ = {isa = PBXBuildFile; fileRef = 7FAB04112615504F009B2F68 /* Main.storyboard */; };
		7FAB041526155050009B2F68 /* Assets.xcassets in Resources */ = {isa = PBXBuildFile; fileRef = 7FAB041426155050009B2F68 /* Assets.xcassets */; };
		7FAB041826155050009B2F68 /* LaunchScreen.storyboard in Resources */ = {isa = PBXBuildFile; fileRef = 7FAB041626155050009B2F68 /* LaunchScreen.storyboard */; };
		7FAB042326155050009B2F68 /* PersonalityQuizTests.swift in Sources */ = {isa = PBXBuildFile; fileRef = 7FAB042226155050009B2F68 /* PersonalityQuizTests.swift */; };
		7FAB042E26155050009B2F68 /* PersonalityQuizUITests.swift in Sources */ = {isa = PBXBuildFile; fileRef = 7FAB042D26155050009B2F68 /* PersonalityQuizUITests.swift */; };
		7FAB043F261560C3009B2F68 /* QuestionViewController.swift in Sources */ = {isa = PBXBuildFile; fileRef = 7FAB043E261560C3009B2F68 /* QuestionViewController.swift */; };
		7FAB0444261560E6009B2F68 /* ResultsViewController.swift in Sources */ = {isa = PBXBuildFile; fileRef = 7FAB0443261560E6009B2F68 /* ResultsViewController.swift */; };
		7FAB044C26156C46009B2F68 /* QuestionData.swift in Sources */ = {isa = PBXBuildFile; fileRef = 7FAB044B26156C46009B2F68 /* QuestionData.swift */; };
/* End PBXBuildFile section */

/* Begin PBXContainerItemProxy section */
		7FAB041F26155050009B2F68 /* PBXContainerItemProxy */ = {
			isa = PBXContainerItemProxy;
			containerPortal = 7FAB04002615504F009B2F68 /* Project object */;
			proxyType = 1;
			remoteGlobalIDString = 7FAB04072615504F009B2F68;
			remoteInfo = PersonalityQuiz;
		};
		7FAB042A26155050009B2F68 /* PBXContainerItemProxy */ = {
			isa = PBXContainerItemProxy;
			containerPortal = 7FAB04002615504F009B2F68 /* Project object */;
			proxyType = 1;
			remoteGlobalIDString = 7FAB04072615504F009B2F68;
			remoteInfo = PersonalityQuiz;
		};
/* End PBXContainerItemProxy section */

/* Begin PBXFileReference section */
		7FAB04082615504F009B2F68 /* PersonalityQuiz.app */ = {isa = PBXFileReference; explicitFileType = wrapper.application; includeInIndex = 0; path = PersonalityQuiz.app; sourceTree = BUILT_PRODUCTS_DIR; };
		7FAB040B2615504F009B2F68 /* AppDelegate.swift */ = {isa = PBXFileReference; lastKnownFileType = sourcecode.swift; path = AppDelegate.swift; sourceTree = "<group>"; };
		7FAB040D2615504F009B2F68 /* SceneDelegate.swift */ = {isa = PBXFileReference; lastKnownFileType = sourcecode.swift; path = SceneDelegate.swift; sourceTree = "<group>"; };
		7FAB040F2615504F009B2F68 /* ViewController.swift */ = {isa = PBXFileReference; lastKnownFileType = sourcecode.swift; path = ViewController.swift; sourceTree = "<group>"; };
		7FAB04122615504F009B2F68 /* Base */ = {isa = PBXFileReference; lastKnownFileType = file.storyboard; name = Base; path = Base.lproj/Main.storyboard; sourceTree = "<group>"; };
		7FAB041426155050009B2F68 /* Assets.xcassets */ = {isa = PBXFileReference; lastKnownFileType = folder.assetcatalog; path = Assets.xcassets; sourceTree = "<group>"; };
		7FAB041726155050009B2F68 /* Base */ = {isa = PBXFileReference; lastKnownFileType = file.storyboard; name = Base; path = Base.lproj/LaunchScreen.storyboard; sourceTree = "<group>"; };
		7FAB041926155050009B2F68 /* Info.plist */ = {isa = PBXFileReference; lastKnownFileType = text.plist.xml; path = Info.plist; sourceTree = "<group>"; };
		7FAB041E26155050009B2F68 /* PersonalityQuizTests.xctest */ = {isa = PBXFileReference; explicitFileType = wrapper.cfbundle; includeInIndex = 0; path = PersonalityQuizTests.xctest; sourceTree = BUILT_PRODUCTS_DIR; };
		7FAB042226155050009B2F68 /* PersonalityQuizTests.swift */ = {isa = PBXFileReference; lastKnownFileType = sourcecode.swift; path = PersonalityQuizTests.swift; sourceTree = "<group>"; };
		7FAB042426155050009B2F68 /* Info.plist */ = {isa = PBXFileReference; lastKnownFileType = text.plist.xml; path = Info.plist; sourceTree = "<group>"; };
		7FAB042926155050009B2F68 /* PersonalityQuizUITests.xctest */ = {isa = PBXFileReference; explicitFileType = wrapper.cfbundle; includeInIndex = 0; path = PersonalityQuizUITests.xctest; sourceTree = BUILT_PRODUCTS_DIR; };
		7FAB042D26155050009B2F68 /* PersonalityQuizUITests.swift */ = {isa = PBXFileReference; lastKnownFileType = sourcecode.swift; path = PersonalityQuizUITests.swift; sourceTree = "<group>"; };
		7FAB042F26155050009B2F68 /* Info.plist */ = {isa = PBXFileReference; lastKnownFileType = text.plist.xml; path = Info.plist; sourceTree = "<group>"; };
		7FAB043E261560C3009B2F68 /* QuestionViewController.swift */ = {isa = PBXFileReference; lastKnownFileType = sourcecode.swift; path = QuestionViewController.swift; sourceTree = "<group>"; };
		7FAB0443261560E6009B2F68 /* ResultsViewController.swift */ = {isa = PBXFileReference; lastKnownFileType = sourcecode.swift; path = ResultsViewController.swift; sourceTree = "<group>"; };
		7FAB044B26156C46009B2F68 /* QuestionData.swift */ = {isa = PBXFileReference; lastKnownFileType = sourcecode.swift; path = QuestionData.swift; sourceTree = "<group>"; };
/* End PBXFileReference section */

/* Begin PBXFrameworksBuildPhase section */
		7FAB04052615504F009B2F68 /* Frameworks */ = {
			isa = PBXFrameworksBuildPhase;
			buildActionMask = 2147483647;
			files = (
			);
			runOnlyForDeploymentPostprocessing = 0;
		};
		7FAB041B26155050009B2F68 /* Frameworks */ = {
			isa = PBXFrameworksBuildPhase;
			buildActionMask = 2147483647;
			files = (
			);
			runOnlyForDeploymentPostprocessing = 0;
		};
		7FAB042626155050009B2F68 /* Frameworks */ = {
			isa = PBXFrameworksBuildPhase;
			buildActionMask = 2147483647;
			files = (
			);
			runOnlyForDeploymentPostprocessing = 0;
		};
/* End PBXFrameworksBuildPhase section */

/* Begin PBXGroup section */
		7FAB03FF2615504F009B2F68 = {
			isa = PBXGroup;
			children = (
				7FAB040A2615504F009B2F68 /* PersonalityQuiz */,
				7FAB042126155050009B2F68 /* PersonalityQuizTests */,
				7FAB042C26155050009B2F68 /* PersonalityQuizUITests */,
				7FAB04092615504F009B2F68 /* Products */,
			);
			sourceTree = "<group>";
		};
		7FAB04092615504F009B2F68 /* Products */ = {
			isa = PBXGroup;
			children = (
				7FAB04082615504F009B2F68 /* PersonalityQuiz.app */,
				7FAB041E26155050009B2F68 /* PersonalityQuizTests.xctest */,
				7FAB042926155050009B2F68 /* PersonalityQuizUITests.xctest */,
			);
			name = Products;
			sourceTree = "<group>";
		};
		7FAB040A2615504F009B2F68 /* PersonalityQuiz */ = {
			isa = PBXGroup;
			children = (
				7FAB040B2615504F009B2F68 /* AppDelegate.swift */,
				7FAB040D2615504F009B2F68 /* SceneDelegate.swift */,
				7FAB04112615504F009B2F68 /* Main.storyboard */,
				7FAB044B26156C46009B2F68 /* QuestionData.swift */,
				7FAB040F2615504F009B2F68 /* ViewController.swift */,
				7FAB043E261560C3009B2F68 /* QuestionViewController.swift */,
				7FAB0443261560E6009B2F68 /* ResultsViewController.swift */,
				7FAB041426155050009B2F68 /* Assets.xcassets */,
				7FAB041626155050009B2F68 /* LaunchScreen.storyboard */,
				7FAB041926155050009B2F68 /* Info.plist */,
			);
			path = PersonalityQuiz;
			sourceTree = "<group>";
		};
		7FAB042126155050009B2F68 /* PersonalityQuizTests */ = {
			isa = PBXGroup;
			children = (
				7FAB042226155050009B2F68 /* PersonalityQuizTests.swift */,
				7FAB042426155050009B2F68 /* Info.plist */,
			);
			path = PersonalityQuizTests;
			sourceTree = "<group>";
		};
		7FAB042C26155050009B2F68 /* PersonalityQuizUITests */ = {
			isa = PBXGroup;
			children = (
				7FAB042D26155050009B2F68 /* PersonalityQuizUITests.swift */,
				7FAB042F26155050009B2F68 /* Info.plist */,
			);
			path = PersonalityQuizUITests;
			sourceTree = "<group>";
		};
/* End PBXGroup section */

/* Begin PBXNativeTarget section */
		7FAB04072615504F009B2F68 /* PersonalityQuiz */ = {
			isa = PBXNativeTarget;
			buildConfigurationList = 7FAB043226155050009B2F68 /* Build configuration list for PBXNativeTarget "PersonalityQuiz" */;
			buildPhases = (
				7FAB04042615504F009B2F68 /* Sources */,
				7FAB04052615504F009B2F68 /* Frameworks */,
				7FAB04062615504F009B2F68 /* Resources */,
			);
			buildRules = (
			);
			dependencies = (
			);
			name = PersonalityQuiz;
			productName = PersonalityQuiz;
			productReference = 7FAB04082615504F009B2F68 /* PersonalityQuiz.app */;
			productType = "com.apple.product-type.application";
		};
		7FAB041D26155050009B2F68 /* PersonalityQuizTests */ = {
			isa = PBXNativeTarget;
			buildConfigurationList = 7FAB043526155050009B2F68 /* Build configuration list for PBXNativeTarget "PersonalityQuizTests" */;
			buildPhases = (
				7FAB041A26155050009B2F68 /* Sources */,
				7FAB041B26155050009B2F68 /* Frameworks */,
				7FAB041C26155050009B2F68 /* Resources */,
			);
			buildRules = (
			);
			dependencies = (
				7FAB042026155050009B2F68 /* PBXTargetDependency */,
			);
			name = PersonalityQuizTests;
			productName = PersonalityQuizTests;
			productReference = 7FAB041E26155050009B2F68 /* PersonalityQuizTests.xctest */;
			productType = "com.apple.product-type.bundle.unit-test";
		};
		7FAB042826155050009B2F68 /* PersonalityQuizUITests */ = {
			isa = PBXNativeTarget;
			buildConfigurationList = 7FAB043826155050009B2F68 /* Build configuration list for PBXNativeTarget "PersonalityQuizUITests" */;
			buildPhases = (
				7FAB042526155050009B2F68 /* Sources */,
				7FAB042626155050009B2F68 /* Frameworks */,
				7FAB042726155050009B2F68 /* Resources */,
			);
			buildRules = (
			);
			dependencies = (
				7FAB042B26155050009B2F68 /* PBXTargetDependency */,
			);
			name = PersonalityQuizUITests;
			productName = PersonalityQuizUITests;
			productReference = 7FAB042926155050009B2F68 /* PersonalityQuizUITests.xctest */;
			productType = "com.apple.product-type.bundle.ui-testing";
		};
/* End PBXNativeTarget section */

/* Begin PBXProject section */
		7FAB04002615504F009B2F68 /* Project object */ = {
			isa = PBXProject;
			attributes = {
				LastSwiftUpdateCheck = 1240;
				LastUpgradeCheck = 1240;
				TargetAttributes = {
					7FAB04072615504F009B2F68 = {
						CreatedOnToolsVersion = 12.4;
					};
					7FAB041D26155050009B2F68 = {
						CreatedOnToolsVersion = 12.4;
						TestTargetID = 7FAB04072615504F009B2F68;
					};
					7FAB042826155050009B2F68 = {
						CreatedOnToolsVersion = 12.4;
						TestTargetID = 7FAB04072615504F009B2F68;
					};
				};
			};
			buildConfigurationList = 7FAB04032615504F009B2F68 /* Build configuration list for PBXProject "PersonalityQuiz" */;
			compatibilityVersion = "Xcode 9.3";
			developmentRegion = en;
			hasScannedForEncodings = 0;
			knownRegions = (
				en,
				Base,
			);
			mainGroup = 7FAB03FF2615504F009B2F68;
			productRefGroup = 7FAB04092615504F009B2F68 /* Products */;
			projectDirPath = "";
			projectRoot = "";
			targets = (
				7FAB04072615504F009B2F68 /* PersonalityQuiz */,
				7FAB041D26155050009B2F68 /* PersonalityQuizTests */,
				7FAB042826155050009B2F68 /* PersonalityQuizUITests */,
			);
		};
/* End PBXProject section */

/* Begin PBXResourcesBuildPhase section */
		7FAB04062615504F009B2F68 /* Resources */ = {
			isa = PBXResourcesBuildPhase;
			buildActionMask = 2147483647;
			files = (
				7FAB041826155050009B2F68 /* LaunchScreen.storyboard in Resources */,
				7FAB041526155050009B2F68 /* Assets.xcassets in Resources */,
				7FAB04132615504F009B2F68 /* Main.storyboard in Resources */,
			);
			runOnlyForDeploymentPostprocessing = 0;
		};
		7FAB041C26155050009B2F68 /* Resources */ = {
			isa = PBXResourcesBuildPhase;
			buildActionMask = 2147483647;
			files = (
			);
			runOnlyForDeploymentPostprocessing = 0;
		};
		7FAB042726155050009B2F68 /* Resources */ = {
			isa = PBXResourcesBuildPhase;
			buildActionMask = 2147483647;
			files = (
			);
			runOnlyForDeploymentPostprocessing = 0;
		};
/* End PBXResourcesBuildPhase section */

/* Begin PBXSourcesBuildPhase section */
		7FAB04042615504F009B2F68 /* Sources */ = {
			isa = PBXSourcesBuildPhase;
			buildActionMask = 2147483647;
			files = (
				7FAB04102615504F009B2F68 /* ViewController.swift in Sources */,
				7FAB040C2615504F009B2F68 /* AppDelegate.swift in Sources */,
				7FAB043F261560C3009B2F68 /* QuestionViewController.swift in Sources */,
				7FAB044C26156C46009B2F68 /* QuestionData.swift in Sources */,
				7FAB0444261560E6009B2F68 /* ResultsViewController.swift in Sources */,
				7FAB040E2615504F009B2F68 /* SceneDelegate.swift in Sources */,
			);
			runOnlyForDeploymentPostprocessing = 0;
		};
		7FAB041A26155050009B2F68 /* Sources */ = {
			isa = PBXSourcesBuildPhase;
			buildActionMask = 2147483647;
			files = (
				7FAB042326155050009B2F68 /* PersonalityQuizTests.swift in Sources */,
			);
			runOnlyForDeploymentPostprocessing = 0;
		};
		7FAB042526155050009B2F68 /* Sources */ = {
			isa = PBXSourcesBuildPhase;
			buildActionMask = 2147483647;
			files = (
				7FAB042E26155050009B2F68 /* PersonalityQuizUITests.swift in Sources */,
			);
			runOnlyForDeploymentPostprocessing = 0;
		};
/* End PBXSourcesBuildPhase section */

/* Begin PBXTargetDependency section */
		7FAB042026155050009B2F68 /* PBXTargetDependency */ = {
			isa = PBXTargetDependency;
			target = 7FAB04072615504F009B2F68 /* PersonalityQuiz */;
			targetProxy = 7FAB041F26155050009B2F68 /* PBXContainerItemProxy */;
		};
		7FAB042B26155050009B2F68 /* PBXTargetDependency */ = {
			isa = PBXTargetDependency;
			target = 7FAB04072615504F009B2F68 /* PersonalityQuiz */;
			targetProxy = 7FAB042A26155050009B2F68 /* PBXContainerItemProxy */;
		};
/* End PBXTargetDependency section */

/* Begin PBXVariantGroup section */
		7FAB04112615504F009B2F68 /* Main.storyboard */ = {
			isa = PBXVariantGroup;
			children = (
				7FAB04122615504F009B2F68 /* Base */,
			);
			name = Main.storyboard;
			sourceTree = "<group>";
		};
		7FAB041626155050009B2F68 /* LaunchScreen.storyboard */ = {
			isa = PBXVariantGroup;
			children = (
				7FAB041726155050009B2F68 /* Base */,
			);
			name = LaunchScreen.storyboard;
			sourceTree = "<group>";
		};
/* End PBXVariantGroup section */

/* Begin XCBuildConfiguration section */
		7FAB043026155050009B2F68 /* Debug */ = {
			isa = XCBuildConfiguration;
			buildSettings = {
				ALWAYS_SEARCH_USER_PATHS = NO;
				CLANG_ANALYZER_NONNULL = YES;
				CLANG_ANALYZER_NUMBER_OBJECT_CONVERSION = YES_AGGRESSIVE;
				CLANG_CXX_LANGUAGE_STANDARD = "gnu++14";
				CLANG_CXX_LIBRARY = "libc++";
				CLANG_ENABLE_MODULES = YES;
				CLANG_ENABLE_OBJC_ARC = YES;
				CLANG_ENABLE_OBJC_WEAK = YES;
				CLANG_WARN_BLOCK_CAPTURE_AUTORELEASING = YES;
				CLANG_WARN_BOOL_CONVERSION = YES;
				CLANG_WARN_COMMA = YES;
				CLANG_WARN_CONSTANT_CONVERSION = YES;
				CLANG_WARN_DEPRECATED_OBJC_IMPLEMENTATIONS = YES;
				CLANG_WARN_DIRECT_OBJC_ISA_USAGE = YES_ERROR;
				CLANG_WARN_DOCUMENTATION_COMMENTS = YES;
				CLANG_WARN_EMPTY_BODY = YES;
				CLANG_WARN_ENUM_CONVERSION = YES;
				CLANG_WARN_INFINITE_RECURSION = YES;
				CLANG_WARN_INT_CONVERSION = YES;
				CLANG_WARN_NON_LITERAL_NULL_CONVERSION = YES;
				CLANG_WARN_OBJC_IMPLICIT_RETAIN_SELF = YES;
				CLANG_WARN_OBJC_LITERAL_CONVERSION = YES;
				CLANG_WARN_OBJC_ROOT_CLASS = YES_ERROR;
				CLANG_WARN_QUOTED_INCLUDE_IN_FRAMEWORK_HEADER = YES;
				CLANG_WARN_RANGE_LOOP_ANALYSIS = YES;
				CLANG_WARN_STRICT_PROTOTYPES = YES;
				CLANG_WARN_SUSPICIOUS_MOVE = YES;
				CLANG_WARN_UNGUARDED_AVAILABILITY = YES_AGGRESSIVE;
				CLANG_WARN_UNREACHABLE_CODE = YES;
				CLANG_WARN__DUPLICATE_METHOD_MATCH = YES;
				COPY_PHASE_STRIP = NO;
				DEBUG_INFORMATION_FORMAT = dwarf;
				ENABLE_STRICT_OBJC_MSGSEND = YES;
				ENABLE_TESTABILITY = YES;
				GCC_C_LANGUAGE_STANDARD = gnu11;
				GCC_DYNAMIC_NO_PIC = NO;
				GCC_NO_COMMON_BLOCKS = YES;
				GCC_OPTIMIZATION_LEVEL = 0;
				GCC_PREPROCESSOR_DEFINITIONS = (
					"DEBUG=1",
					"$(inherited)",
				);
				GCC_WARN_64_TO_32_BIT_CONVERSION = YES;
				GCC_WARN_ABOUT_RETURN_TYPE = YES_ERROR;
				GCC_WARN_UNDECLARED_SELECTOR = YES;
				GCC_WARN_UNINITIALIZED_AUTOS = YES_AGGRESSIVE;
				GCC_WARN_UNUSED_FUNCTION = YES;
				GCC_WARN_UNUSED_VARIABLE = YES;
				IPHONEOS_DEPLOYMENT_TARGET = 14.4;
				MTL_ENABLE_DEBUG_INFO = INCLUDE_SOURCE;
				MTL_FAST_MATH = YES;
				ONLY_ACTIVE_ARCH = YES;
				SDKROOT = iphoneos;
				SWIFT_ACTIVE_COMPILATION_CONDITIONS = DEBUG;
				SWIFT_OPTIMIZATION_LEVEL = "-Onone";
			};
			name = Debug;
		};
		7FAB043126155050009B2F68 /* Release */ = {
			isa = XCBuildConfiguration;
			buildSettings = {
				ALWAYS_SEARCH_USER_PATHS = NO;
				CLANG_ANALYZER_NONNULL = YES;
				CLANG_ANALYZER_NUMBER_OBJECT_CONVERSION = YES_AGGRESSIVE;
				CLANG_CXX_LANGUAGE_STANDARD = "gnu++14";
				CLANG_CXX_LIBRARY = "libc++";
				CLANG_ENABLE_MODULES = YES;
				CLANG_ENABLE_OBJC_ARC = YES;
				CLANG_ENABLE_OBJC_WEAK = YES;
				CLANG_WARN_BLOCK_CAPTURE_AUTORELEASING = YES;
				CLANG_WARN_BOOL_CONVERSION = YES;
				CLANG_WARN_COMMA = YES;
				CLANG_WARN_CONSTANT_CONVERSION = YES;
				CLANG_WARN_DEPRECATED_OBJC_IMPLEMENTATIONS = YES;
				CLANG_WARN_DIRECT_OBJC_ISA_USAGE = YES_ERROR;
				CLANG_WARN_DOCUMENTATION_COMMENTS = YES;
				CLANG_WARN_EMPTY_BODY = YES;
				CLANG_WARN_ENUM_CONVERSION = YES;
				CLANG_WARN_INFINITE_RECURSION = YES;
				CLANG_WARN_INT_CONVERSION = YES;
				CLANG_WARN_NON_LITERAL_NULL_CONVERSION = YES;
				CLANG_WARN_OBJC_IMPLICIT_RETAIN_SELF = YES;
				CLANG_WARN_OBJC_LITERAL_CONVERSION = YES;
				CLANG_WARN_OBJC_ROOT_CLASS = YES_ERROR;
				CLANG_WARN_QUOTED_INCLUDE_IN_FRAMEWORK_HEADER = YES;
				CLANG_WARN_RANGE_LOOP_ANALYSIS = YES;
				CLANG_WARN_STRICT_PROTOTYPES = YES;
				CLANG_WARN_SUSPICIOUS_MOVE = YES;
				CLANG_WARN_UNGUARDED_AVAILABILITY = YES_AGGRESSIVE;
				CLANG_WARN_UNREACHABLE_CODE = YES;
				CLANG_WARN__DUPLICATE_METHOD_MATCH = YES;
				COPY_PHASE_STRIP = NO;
				DEBUG_INFORMATION_FORMAT = "dwarf-with-dsym";
				ENABLE_NS_ASSERTIONS = NO;
				ENABLE_STRICT_OBJC_MSGSEND = YES;
				GCC_C_LANGUAGE_STANDARD = gnu11;
				GCC_NO_COMMON_BLOCKS = YES;
				GCC_WARN_64_TO_32_BIT_CONVERSION = YES;
				GCC_WARN_ABOUT_RETURN_TYPE = YES_ERROR;
				GCC_WARN_UNDECLARED_SELECTOR = YES;
				GCC_WARN_UNINITIALIZED_AUTOS = YES_AGGRESSIVE;
				GCC_WARN_UNUSED_FUNCTION = YES;
				GCC_WARN_UNUSED_VARIABLE = YES;
				IPHONEOS_DEPLOYMENT_TARGET = 14.4;
				MTL_ENABLE_DEBUG_INFO = NO;
				MTL_FAST_MATH = YES;
				SDKROOT = iphoneos;
				SWIFT_COMPILATION_MODE = wholemodule;
				SWIFT_OPTIMIZATION_LEVEL = "-O";
				VALIDATE_PRODUCT = YES;
			};
			name = Release;
		};
		7FAB043326155050009B2F68 /* Debug */ = {
			isa = XCBuildConfiguration;
			buildSettings = {
				ASSETCATALOG_COMPILER_APPICON_NAME = AppIcon;
				ASSETCATALOG_COMPILER_GLOBAL_ACCENT_COLOR_NAME = AccentColor;
				CODE_SIGN_STYLE = Automatic;
				INFOPLIST_FILE = PersonalityQuiz/Info.plist;
				LD_RUNPATH_SEARCH_PATHS = (
					"$(inherited)",
					"@executable_path/Frameworks",
				);
				PRODUCT_BUNDLE_IDENTIFIER = com.example.PersonalityQuiz;
				PRODUCT_NAME = "$(TARGET_NAME)";
				SWIFT_VERSION = 5.0;
				TARGETED_DEVICE_FAMILY = "1,2";
			};
			name = Debug;
		};
		7FAB043426155050009B2F68 /* Release */ = {
			isa = XCBuildConfiguration;
			buildSettings = {
				ASSETCATALOG_COMPILER_APPICON_NAME = AppIcon;
				ASSETCATALOG_COMPILER_GLOBAL_ACCENT_COLOR_NAME = AccentColor;
				CODE_SIGN_STYLE = Automatic;
				INFOPLIST_FILE = PersonalityQuiz/Info.plist;
				LD_RUNPATH_SEARCH_PATHS = (
					"$(inherited)",
					"@executable_path/Frameworks",
				);
				PRODUCT_BUNDLE_IDENTIFIER = com.example.PersonalityQuiz;
				PRODUCT_NAME = "$(TARGET_NAME)";
				SWIFT_VERSION = 5.0;
				TARGETED_DEVICE_FAMILY = "1,2";
			};
			name = Release;
		};
		7FAB043626155050009B2F68 /* Debug */ = {
			isa = XCBuildConfiguration;
			buildSettings = {
				ALWAYS_EMBED_SWIFT_STANDARD_LIBRARIES = YES;
				BUNDLE_LOADER = "$(TEST_HOST)";
				CODE_SIGN_STYLE = Automatic;
				INFOPLIST_FILE = PersonalityQuizTests/Info.plist;
				IPHONEOS_DEPLOYMENT_TARGET = 14.4;
				LD_RUNPATH_SEARCH_PATHS = (
					"$(inherited)",
					"@executable_path/Frameworks",
					"@loader_path/Frameworks",
				);
				PRODUCT_BUNDLE_IDENTIFIER = com.example.PersonalityQuizTests;
				PRODUCT_NAME = "$(TARGET_NAME)";
				SWIFT_VERSION = 5.0;
				TARGETED_DEVICE_FAMILY = "1,2";
				TEST_HOST = "$(BUILT_PRODUCTS_DIR)/PersonalityQuiz.app/PersonalityQuiz";
			};
			name = Debug;
		};
		7FAB043726155050009B2F68 /* Release */ = {
			isa = XCBuildConfiguration;
			buildSettings = {
				ALWAYS_EMBED_SWIFT_STANDARD_LIBRARIES = YES;
				BUNDLE_LOADER = "$(TEST_HOST)";
				CODE_SIGN_STYLE = Automatic;
				INFOPLIST_FILE = PersonalityQuizTests/Info.plist;
				IPHONEOS_DEPLOYMENT_TARGET = 14.4;
				LD_RUNPATH_SEARCH_PATHS = (
					"$(inherited)",
					"@executable_path/Frameworks",
					"@loader_path/Frameworks",
				);
				PRODUCT_BUNDLE_IDENTIFIER = com.example.PersonalityQuizTests;
				PRODUCT_NAME = "$(TARGET_NAME)";
				SWIFT_VERSION = 5.0;
				TARGETED_DEVICE_FAMILY = "1,2";
				TEST_HOST = "$(BUILT_PRODUCTS_DIR)/PersonalityQuiz.app/PersonalityQuiz";
			};
			name = Release;
		};
		7FAB043926155050009B2F68 /* Debug */ = {
			isa = XCBuildConfiguration;
			buildSettings = {
				ALWAYS_EMBED_SWIFT_STANDARD_LIBRARIES = YES;
				CODE_SIGN_STYLE = Automatic;
				INFOPLIST_FILE = PersonalityQuizUITests/Info.plist;
				LD_RUNPATH_SEARCH_PATHS = (
					"$(inherited)",
					"@executable_path/Frameworks",
					"@loader_path/Frameworks",
				);
				PRODUCT_BUNDLE_IDENTIFIER = com.example.PersonalityQuizUITests;
				PRODUCT_NAME = "$(TARGET_NAME)";
				SWIFT_VERSION = 5.0;
				TARGETED_DEVICE_FAMILY = "1,2";
				TEST_TARGET_NAME = PersonalityQuiz;
			};
			name = Debug;
		};
		7FAB043A26155050009B2F68 /* Release */ = {
			isa = XCBuildConfiguration;
			buildSettings = {
				ALWAYS_EMBED_SWIFT_STANDARD_LIBRARIES = YES;
				CODE_SIGN_STYLE = Automatic;
				INFOPLIST_FILE = PersonalityQuizUITests/Info.plist;
				LD_RUNPATH_SEARCH_PATHS = (
					"$(inherited)",
					"@executable_path/Frameworks",
					"@loader_path/Frameworks",
				);
				PRODUCT_BUNDLE_IDENTIFIER = com.example.PersonalityQuizUITests;
				PRODUCT_NAME = "$(TARGET_NAME)";
				SWIFT_VERSION = 5.0;
				TARGETED_DEVICE_FAMILY = "1,2";
				TEST_TARGET_NAME = PersonalityQuiz;
			};
			name = Release;
		};
/* End XCBuildConfiguration section */

/* Begin XCConfigurationList section */
		7FAB04032615504F009B2F68 /* Build configuration list for PBXProject "PersonalityQuiz" */ = {
			isa = XCConfigurationList;
			buildConfigurations = (
				7FAB043026155050009B2F68 /* Debug */,
				7FAB043126155050009B2F68 /* Release */,
			);
			defaultConfigurationIsVisible = 0;
			defaultConfigurationName = Release;
		};
		7FAB043226155050009B2F68 /* Build configuration list for PBXNativeTarget "PersonalityQuiz" */ = {
			isa = XCConfigurationList;
			buildConfigurations = (
				7FAB043326155050009B2F68 /* Debug */,
				7FAB043426155050009B2F68 /* Release */,
			);
			defaultConfigurationIsVisible = 0;
			defaultConfigurationName = Release;
		};
		7FAB043526155050009B2F68 /* Build configuration list for PBXNativeTarget "PersonalityQuizTests" */ = {
			isa = XCConfigurationList;
			buildConfigurations = (
				7FAB043626155050009B2F68 /* Debug */,
				7FAB043726155050009B2F68 /* Release */,
			);
			defaultConfigurationIsVisible = 0;
			defaultConfigurationName = Release;
		};
		7FAB043826155050009B2F68 /* Build configuration list for PBXNativeTarget "PersonalityQuizUITests" */ = {
			isa = XCConfigurationList;
			buildConfigurations = (
				7FAB043926155050009B2F68 /* Debug */,
				7FAB043A26155050009B2F68 /* Release */,
			);
			defaultConfigurationIsVisible = 0;
			defaultConfigurationName = Release;
		};
/* End XCConfigurationList section */
	};
	rootObject = 7FAB04002615504F009B2F68 /* Project object */;
}
